github.com/cenkalti/backoff v2.2.1+incompatible h1:tNowT99t7UNflLxfYYSlKYsBpXdEet03Pg2g16Swow4=
github.com/cenkalti/backoff v2.2.1+incompatible/go.mod h1:90ReRw6GdpyfrHakVjL/QHaoyV4aDUVVkXQJJJ3NXXM=
github.com/davecgh/go-spew v1.1.0/go.mod h1:J7Y8YcW2NihsgmVo/mv3lAwl/skON4iLHjSsI+c5H38=
github.com/dgrijalva/jwt-go v3.2.0+incompatible h1:7qlOGliEKZXTDg6OTjfoBKDXWrumCAMpl/TFQ4/5kLM=
github.com/dgrijalva/jwt-go v3.2.0+incompatible/go.mod h1:E3ru+11k8xSBh+hMPgOLZmtrrCbhqsmaPHjLKYnJCaQ=
github.com/gorilla/mux v1.7.4 h1:VuZ8uybHlWmqV03+zRzdwKL4tUnIp1MAQtp1mIFE1bc=
github.com/gorilla/mux v1.7.4/go.mod h1:DVbg23sWSpFRCP0SfiEN6jmj59UnW/n46BH5rLB71So=
github.com/gorilla/websocket v1.1.0/go.mod h1:E7qHFY5m1UJ88s3WnNqhKjPHQ0heANvMoAMk2YaljkQ=
github.com/gorilla/websocket v1.2.0/go.mod h1:E7qHFY5m1UJ88s3WnNqhKjPHQ0heANvMoAMk2YaljkQ=
github.com/gorilla/websocket v1.3.0/go.mod h1:E7qHFY5m1UJ88s3WnNqhKjPHQ0heANvMoAMk2YaljkQ=
github.com/gorilla/websocket v1.4.0/go.mod h1:E7qHFY5m1UJ88s3WnNqhKjPHQ0heANvMoAMk2YaljkQ=
github.com/gorilla/websocket v1.4.2 h1:+/TMaTYc4QFitKJxsQ7Yye35DkWvkdLcvGKqM+x0Ufc=
github.com/gorilla/websocket v1.4.2/go.mod h1:YR8l580nyteQvAITg2hZ9XVh4b55+EU/adAjf1fMHhE=
github.com/igm/sockjs-go v1.0.0 h1:aTn8ZoamuYOVPoRVKzi2r9x3GPi+kVG2nMs5eFZlDiU=
github.com/igm/sockjs-go v1.0.0/go.mod h1:Yu6pvqjNniWNJe07LPObeCG6R77Qc97C6Kss0roF8tU=
github.com/igm/sockjs-go v2.0.0+incompatible h1:d9T2KqPq0OH0gDUCIR5BLgSJslOXSni52uhRV6NYDjI=
github.com/igm/sockjs-go v2.0.0+incompatible/go.mod h1:Yu6pvqjNniWNJe07LPObeCG6R77Qc97C6Kss0roF8tU=
github.com/igm/sockjs-go/v3 v3.0.0-20200426155823-50a65008b72f h1:IK15IQp3uzYfam452QtHif0Y0LebrfCmEJARdxwRaPo=
github.com/igm/sockjs-go/v3 v3.0.0-20200426155823-50a65008b72f/go.mod h1:UqchsOjeagIBFHvd+RZpLaVRbCwGilEC08EDHsD1jYE=
github.com/juju/ratelimit v1.0.1 h1:+7AIFJVQ0EQgq/K9+0Krm7m530Du7tIz0METWzN0RgY=
github.com/juju/ratelimit v1.0.1/go.mod h1:qapgC/Gy+xNh9UxzV13HGGl/6UXNN+ct+vwSgWNm/qk=
github.com/koding/cache v0.0.0-20161222233015-e8a81b0b3f20 h1:R7RAW1p8wjhlHKFhS4X7h8EePqADev/PltCmW9qlJoM=
github.com/koding/cache v0.0.0-20161222233015-e8a81b0b3f20/go.mod h1:sh5SGGmQVGUkWDnxevz0I2FJ4TeC18hRPRjKVBMb2kA=
github.com/koding/kite v0.0.0-20150902091132-59a699eb5eba h1:/2mAGsIHKvZU6Dg8GXW+Ecukz4avUhAT71mBGaNv6pI=
github.com/koding/kite v0.0.0-20150902091132-59a699eb5eba/go.mod h1:2Axc1cjW2dstXQCRB8Zo0/s3i8Z00/CPPbT8+pRSBKk=
github.com/koding/kite v0.0.0-20170925214409-4b637e0e7cf6 h1:5Kn4oGXjkYnUm0aQJcm7vkel3FJ8y2yR9hhUQN9QIiY=
github.com/koding/kite v0.0.0-20170925214409-4b637e0e7cf6/go.mod h1:2Axc1cjW2dstXQCRB8Zo0/s3i8Z00/CPPbT8+pRSBKk=
github.com/koding/kite v0.0.0-20180710021347-baa1a54919e3 h1:Bvof/5dezxrPHZvcpPCSKbg542y+nksx5UgNCKSFAc4=
github.com/koding/kite v0.0.0-20180710021347-baa1a54919e3/go.mod h1:2Axc1cjW2dstXQCRB8Zo0/s3i8Z00/CPPbT8+pRSBKk=
github.com/koding/logging v0.0.0-20160720134017-8b5a689ed69b h1:Ix1hwcOtW6e0KG1+Fn1blMih1O4td/fa9Q2Br0/zPBo=
github.com/koding/logging v0.0.0-20160720134017-8b5a689ed69b/go.mod h1:km9Clt+22fAbEvoPJSRufXDN110ZA6xLNU7oe4dwRHk=
github.com/kr/pty v1.1.1/go.mod h1:pFQYn66WHrOpPYNljwOMqo10TkYh1fy3cYio2l3bCsQ=
github.com/kr/text v0.1.0 h1:45sCR5RtlFHMR4UwH9sdQ5TC8v0qDQCHnXt+kaKSTVE=
github.com/kr/text v0.1.0/go.mod h1:4Jbv+DJW3UT/LiOwJeYQe1efqtUx/iVham/4vfdArNI=
github.com/mitchellh/mapstructure v1.3.0 h1:iDwIio/3gk2QtLLEsqU5lInaMzos0hDTz8a6lazSFVw=
github.com/mitchellh/mapstructure v1.3.0/go.mod h1:bFUtVrKA4DC2yAKiSyO/QUcy7e+RRV2QTWOzhPopBRo=
github.com/niemeyer/pretty v0.0.0-20200227124842-a10e7caefd8e h1:fD57ERR4JtEqsWbfPhv4DMiApHyliiK5xCTNVSPiaAs=
github.com/niemeyer/pretty v0.0.0-20200227124842-a10e7caefd8e/go.mod h1:zD1mROLANZcx1PVRCS0qkT7pwLkGfwJo4zjcN/Tysno=
github.com/nu7hatch/gouuid v0.0.0-20131221200532-179d4d0c4d8d h1:VhgPp6v9qf9Agr/56bj7Y/xa04UccTW04VP0Qed4vnQ=
github.com/nu7hatch/gouuid v0.0.0-20131221200532-179d4d0c4d8d/go.mod h1:YUTz3bUH2ZwIWBy3CJBeOBEugqcmXREj14T+iG/4k4U=
github.com/pmezard/go-difflib v1.0.0/go.mod h1:iKH77koFhYxTK1pcRnkKkqfTogsbg7gZNVY4sRDYZ/4=
github.com/satori/go.uuid v1.2.0 h1:0uYX9dsZ2yD7q2RtLRtPSdGDWzjeM3TbMJP9utgA0ww=
github.com/satori/go.uuid v1.2.0/go.mod h1:dA0hQrYB0VpLJoorglMZABFdXlWrHn1NEOzdhQKdks0=
github.com/stretchr/objx v0.1.0/go.mod h1:HFkY916IF+rwdDfMAkV7OtwuqBVzrE8GR6GFx+wExME=
github.com/stretchr/testify v1.5.1/go.mod h1:5W2xD1RspED5o8YsWQXVCued0rvSQ+mT+I5cxcmMvtA=
golang.org/x/crypto v0.0.0-20190308221718-c2843e01d9a2/go.mod h1:djNgcEr1/C05ACkg1iLfiJU5Ep61QUkGW8qpdssI0+w=
golang.org/x/crypto v0.0.0-20200429183012-4b2356b1ed79 h1:IaQbIIB2X/Mp/DKctl6ROxz1KyMlKp4uyvL6+kQ7C88=
golang.org/x/crypto v0.0.0-20200429183012-4b2356b1ed79/go.mod h1:LzIPMQfyMNhhGPhUkYOs5KpL4U8rLKemX1yGLhDgUto=
golang.org/x/net v0.0.0-20190404232315-eb5bcb51f2a3/go.mod h1:t9HGtf8HONx5eT2rtn7q6eTqICYqUVnKs3thJo3Qplg=
golang.org/x/net v0.0.0-20200324143707-d3edc9973b7e/go.mod h1:qpuaurCH72eLCgpAm/N6yyVIVM9cpaDIP3A8BGJEC5A=
golang.org/x/net v0.0.0-20200506145744-7e3656a0809f/go.mod h1:qpuaurCH72eLCgpAm/N6yyVIVM9cpaDIP3A8BGJEC5A=
golang.org/x/sys v0.0.0-20190215142949-d0b11bdaac8a/go.mod h1:STP8DvDyc/dI5b8T5hshtkjS+E42TnysNCUPdjciGhY=
golang.org/x/sys v0.0.0-20190412213103-97732733099d h1:+R4KGOnez64A81RvjARKc4UT5/tI9ujCIVX+P5KiHuI=
golang.org/x/sys v0.0.0-20190412213103-97732733099d/go.mod h1:h1NjWce9XRLGQEsW7wpKNCjG9DtNlClVuFLEZdDNbEs=
golang.org/x/sys v0.0.0-20200323222414-85ca7c5b95cd/go.mod h1:h1NjWce9XRLGQEsW7wpKNCjG9DtNlClVuFLEZdDNbEs=
golang.org/x/sys v0.0.0-20200501145240-bc7a7d42d5c3 h1:5B6i6EAiSYyejWfvc5Rc9BbI3rzIsrrXfAQBWnYfn+w=
golang.org/x/sys v0.0.0-20200501145240-bc7a7d42d5c3/go.mod h1:h1NjWce9XRLGQEsW7wpKNCjG9DtNlClVuFLEZdDNbEs=
golang.org/x/text v0.3.0/go.mod h1:NqM8EUOU14njkJ3fqMW+pc6Ldnwhi/IjpwHt7yyuwOQ=
gopkg.in/check.v1 v0.0.0-20161208181325-20d25e280405/go.mod h1:Co6ibVJAznAaIkqp8huTwlJQCZ016jof/cbN4VW5Yz0=
gopkg.in/check.v1 v1.0.0-20200227125254-8fa46927fb4f h1:BLraFXnmrev5lT+xlilqcH8XK9/i0At2xKjWk4p6zsU=
gopkg.in/check.v1 v1.0.0-20200227125254-8fa46927fb4f/go.mod h1:Co6ibVJAznAaIkqp8huTwlJQCZ016jof/cbN4VW5Yz0=
gopkg.in/igm/sockjs-go.v2 v2.1.0 h1:Ehqymxnfkkwi8R7SZIUARn77M0slA8vki0VgcfOdALw=
gopkg.in/igm/sockjs-go.v2 v2.1.0/go.mod h1:9l1o9p5TJvh2l+Q0EGE8USVB69QPfcvI7fR0HmbCk/8=
gopkg.in/mgo.v2 v2.0.0-20190816093944-a6b53ec6cb22 h1:VpOs+IwYnYBaFnrNAeB8UUWtL3vEUnzSCL1nVjPhqrw=
gopkg.in/mgo.v2 v2.0.0-20190816093944-a6b53ec6cb22/go.mod h1:yeKp02qBN3iKW1OzL3MGk2IdtZzaj7SFntXj72NppTA=
gopkg.in/yaml.v2 v2.2.2/go.mod h1:hI93XBmqTisBFMUTm0b8Fm+jr3Dg1NNxqwp+5A1VGuI=
gopkg.in/yaml.v2 v2.2.8 h1:obN1ZagJSUGI0Ek/LBmuj4SNLPfIny3KsKFopxRdj10=
gopkg.in/yaml.v2 v2.2.8/go.mod h1:hI93XBmqTisBFMUTm0b8Fm+jr3Dg1NNxqwp+5A1VGuI=
